
Microsoft Visual Studio Solution File, Format Version 12.00
# Visual Studio Version 16
VisualStudioVersion = 16.0.28315.86
MinimumVisualStudioVersion = 10.0.40219.1
Project("{888888A0-9F3D-457C-B088-3A5042F75D52}") = "SB52", "SB52\SB52.pyproj", "{5F06FAF3-59DA-4B12-AA36-AFC1B5FB0030}"
EndProject
Global
	GlobalSection(SolutionConfigurationPlatforms) = preSolution
		Debug|Any CPU = Debug|Any CPU
		Release|Any CPU = Release|Any CPU
	EndGlobalSection
	GlobalSection(ProjectConfigurationPlatforms) = postSolution
		{5F06FAF3-59DA-4B12-AA36-AFC1B5FB0030}.Debug|Any CPU.ActiveCfg = Debug|Any CPU
		{5F06FAF3-59DA-4B12-AA36-AFC1B5FB0030}.Release|Any CPU.ActiveCfg = Release|Any CPU
	EndGlobalSection
	GlobalSection(SolutionProperties) = preSolution
		HideSolutionNode = FALSE
	EndGlobalSection
	GlobalSection(ExtensibilityGlobals) = postSolution
		SolutionGuid = {AFEBCDE1-8CD5-421B-9752-C877BD7F8E2F}
	EndGlobalSection
EndGlobal
